// !$*UTF8*$!
{
	archiveVersion = 1;
	classes = {
	};
	objectVersion = 50;
	objects = {

/* Begin PBXFileReference section */
		209EADC425301017005B3F7D /* Pallindrome.playground */ = {isa = PBXFileReference; lastKnownFileType = file.playground; path = Pallindrome.playground; sourceTree = "<group>"; xcLanguageSpecificationIdentifier = xcode.lang.swift; };
/* End PBXFileReference section */

/* Begin PBXGroup section */
		209EADBC25300FA8005B3F7D = {
			isa = PBXGroup;
			children = (
				209EADC425301017005B3F7D /* Pallindrome.playground */,
			);
			sourceTree = "<group>";
		};
/* End PBXGroup section */

/* Begin PBXProject section */
		209EADBD25300FA8005B3F7D /* Project object */ = {
			isa = PBXProject;
			attributes = {
				LastUpgradeCheck = 1200;
			};
			buildConfigurationList = 209EADC025300FA8005B3F7D /* Build configuration list for PBXProject "SwiftPrep" */;
			compatibilityVersion = "Xcode 9.3";
			developmentRegion = en;
			hasScannedForEncodings = 0;
			knownRegions = (
				en,
				Base,
			);
			mainGroup = 209EADBC25300FA8005B3F7D;
			projectDirPath = "";
			projectRoot = "";
			targets = (
			);
		};
/* End PBXProject section */

/* Begin XCBuildConfiguration section */
		209EADC125300FA8005B3F7D /* Debug */ = {
			isa = XCBuildConfiguration;
			buildSettings = {
			};
			name = Debug;
		};
		209EADC225300FA8005B3F7D /* Release */ = {
			isa = XCBuildConfiguration;
			buildSettings = {
			};
			name = Release;
		};
/* End XCBuildConfiguration section */

/* Begin XCConfigurationList section */
		209EADC025300FA8005B3F7D /* Build configuration list for PBXProject "SwiftPrep" */ = {
			isa = XCConfigurationList;
			buildConfigurations = (
				209EADC125300FA8005B3F7D /* Debug */,
				209EADC225300FA8005B3F7D /* Release */,
			);
			defaultConfigurationIsVisible = 0;
			defaultConfigurationName = Release;
		};
/* End XCConfigurationList section */
	};
	rootObject = 209EADBD25300FA8005B3F7D /* Project object */;
}
